
Microsoft Visual Studio Solution File, Format Version 12.00
# Visual Studio Version 17
VisualStudioVersion = 17.13.35931.197 d17.13
MinimumVisualStudioVersion = 10.0.40219.1
Project("{FAE04EC0-301F-11D3-BF4B-00C04F79EFBC}") = "Webview2TouchRepro", "Webview2TouchRepro\Webview2TouchRepro.csproj", "{8BAC6AB6-4477-4557-B44F-86C7324A0DA1}"
EndProject
Global
	GlobalSection(SolutionConfigurationPlatforms) = preSolution
		Debug|Any CPU = Debug|Any CPU
		Release|Any CPU = Release|Any CPU
	EndGlobalSection
	GlobalSection(ProjectConfigurationPlatforms) = postSolution
		{8BAC6AB6-4477-4557-B44F-86C7324A0DA1}.Debug|Any CPU.ActiveCfg = Debug|Any CPU
		{8BAC6AB6-4477-4557-B44F-86C7324A0DA1}.Debug|Any CPU.Build.0 = Debug|Any CPU
		{8BAC6AB6-4477-4557-B44F-86C7324A0DA1}.Release|Any CPU.ActiveCfg = Release|Any CPU
		{8BAC6AB6-4477-4557-B44F-86C7324A0DA1}.Release|Any CPU.Build.0 = Release|Any CPU
	EndGlobalSection
	GlobalSection(SolutionProperties) = preSolution
		HideSolutionNode = FALSE
	EndGlobalSection
	GlobalSection(ExtensibilityGlobals) = postSolution
		SolutionGuid = {51DBA473-5705-4EEC-942C-E52F48CF39A0}
	EndGlobalSection
EndGlobal
